
Microsoft Visual Studio Solution File, Format Version 12.00
# Visual Studio Version 17
VisualStudioVersion = 17.6.33723.286
MinimumVisualStudioVersion = 10.0.40219.1
Project("{FAE04EC0-301F-11D3-BF4B-00C04F79EFBC}") = "MagicVilla_API", "MagicVilla_API\MagicVilla_API.csproj", "{2134132B-208C-4A57-B9C4-55C90AD7D21C}"
EndProject
Global
	GlobalSection(SolutionConfigurationPlatforms) = preSolution
		Debug|Any CPU = Debug|Any CPU
		Release|Any CPU = Release|Any CPU
	EndGlobalSection
	GlobalSection(ProjectConfigurationPlatforms) = postSolution
		{2134132B-208C-4A57-B9C4-55C90AD7D21C}.Debug|Any CPU.ActiveCfg = Debug|Any CPU
		{2134132B-208C-4A57-B9C4-55C90AD7D21C}.Debug|Any CPU.Build.0 = Debug|Any CPU
		{2134132B-208C-4A57-B9C4-55C90AD7D21C}.Release|Any CPU.ActiveCfg = Release|Any CPU
		{2134132B-208C-4A57-B9C4-55C90AD7D21C}.Release|Any CPU.Build.0 = Release|Any CPU
	EndGlobalSection
	GlobalSection(SolutionProperties) = preSolution
		HideSolutionNode = FALSE
	EndGlobalSection
	GlobalSection(ExtensibilityGlobals) = postSolution
		SolutionGuid = {34831E5D-B65B-4CCB-AAED-9516F4D04B1E}
	EndGlobalSection
EndGlobal
